
Microsoft Visual Studio Solution File, Format Version 12.00
# Visual Studio Version 17
VisualStudioVersion = 17.9.34728.123
MinimumVisualStudioVersion = 10.0.40219.1
Project("{9A19103F-16F7-4668-BE54-9A1E7A4F7556}") = "UrlShortner", "UrlShortner\UrlShortner.csproj", "{4C5AE287-C19A-48C6-99FD-1ACE5BD65128}"
EndProject
Project("{FAE04EC0-301F-11D3-BF4B-00C04F79EFBC}") = "RandomString", "RandomString\RandomString.csproj", "{8A169ED1-D062-4236-B70A-F228DD59A186}"
EndProject
Global
	GlobalSection(SolutionConfigurationPlatforms) = preSolution
		Debug|Any CPU = Debug|Any CPU
		Release|Any CPU = Release|Any CPU
	EndGlobalSection
	GlobalSection(ProjectConfigurationPlatforms) = postSolution
		{4C5AE287-C19A-48C6-99FD-1ACE5BD65128}.Debug|Any CPU.ActiveCfg = Debug|Any CPU
		{4C5AE287-C19A-48C6-99FD-1ACE5BD65128}.Debug|Any CPU.Build.0 = Debug|Any CPU
		{4C5AE287-C19A-48C6-99FD-1ACE5BD65128}.Release|Any CPU.ActiveCfg = Release|Any CPU
		{4C5AE287-C19A-48C6-99FD-1ACE5BD65128}.Release|Any CPU.Build.0 = Release|Any CPU
		{8A169ED1-D062-4236-B70A-F228DD59A186}.Debug|Any CPU.ActiveCfg = Debug|Any CPU
		{8A169ED1-D062-4236-B70A-F228DD59A186}.Debug|Any CPU.Build.0 = Debug|Any CPU
		{8A169ED1-D062-4236-B70A-F228DD59A186}.Release|Any CPU.ActiveCfg = Release|Any CPU
		{8A169ED1-D062-4236-B70A-F228DD59A186}.Release|Any CPU.Build.0 = Release|Any CPU
	EndGlobalSection
	GlobalSection(SolutionProperties) = preSolution
		HideSolutionNode = FALSE
	EndGlobalSection
	GlobalSection(ExtensibilityGlobals) = postSolution
		SolutionGuid = {E5E56F83-254F-4F48-B772-4401030BFA16}
	EndGlobalSection
EndGlobal
